
Microsoft Visual Studio Solution File, Format Version 12.00
# Visual Studio Version 17
VisualStudioVersion = 17.13.35919.96
MinimumVisualStudioVersion = 10.0.40219.1
Project("{FAE04EC0-301F-11D3-BF4B-00C04F79EFBC}") = "Example", "Example\Example.csproj", "{EBE0F1D2-3AF1-4522-9508-2A6060CA81C7}"
EndProject
Project("{FAE04EC0-301F-11D3-BF4B-00C04F79EFBC}") = "Lib", "Lib\Lib.csproj", "{2CCB99AB-4F50-4D01-9740-DDA3675125A5}"
EndProject
Global
	GlobalSection(SolutionConfigurationPlatforms) = preSolution
		Debug|Any CPU = Debug|Any CPU
		Release|Any CPU = Release|Any CPU
	EndGlobalSection
	GlobalSection(ProjectConfigurationPlatforms) = postSolution
		{EBE0F1D2-3AF1-4522-9508-2A6060CA81C7}.Debug|Any CPU.ActiveCfg = Debug|Any CPU
		{EBE0F1D2-3AF1-4522-9508-2A6060CA81C7}.Debug|Any CPU.Build.0 = Debug|Any CPU
		{EBE0F1D2-3AF1-4522-9508-2A6060CA81C7}.Release|Any CPU.ActiveCfg = Release|Any CPU
		{EBE0F1D2-3AF1-4522-9508-2A6060CA81C7}.Release|Any CPU.Build.0 = Release|Any CPU
		{2CCB99AB-4F50-4D01-9740-DDA3675125A5}.Debug|Any CPU.ActiveCfg = Debug|Any CPU
		{2CCB99AB-4F50-4D01-9740-DDA3675125A5}.Debug|Any CPU.Build.0 = Debug|Any CPU
		{2CCB99AB-4F50-4D01-9740-DDA3675125A5}.Release|Any CPU.ActiveCfg = Release|Any CPU
		{2CCB99AB-4F50-4D01-9740-DDA3675125A5}.Release|Any CPU.Build.0 = Release|Any CPU
	EndGlobalSection
	GlobalSection(SolutionProperties) = preSolution
		HideSolutionNode = FALSE
	EndGlobalSection
	GlobalSection(ExtensibilityGlobals) = postSolution
		SolutionGuid = {652BBC25-5569-448E-81DE-5234FF408293}
	EndGlobalSection
EndGlobal
